
Microsoft Visual Studio Solution File, Format Version 12.00
# Visual Studio 15
VisualStudioVersion = 15.0.28307.168
MinimumVisualStudioVersion = 10.0.40219.1
Project("{9A19103F-16F7-4668-BE54-9A1E7A4F7556}") = "HeroQuery", "HeroQuery\HeroQuery.csproj", "{529050A4-8FB3-4846-AF19-AE48C5D38F85}"
EndProject
Global
	GlobalSection(SolutionConfigurationPlatforms) = preSolution
		Debug|Any CPU = Debug|Any CPU
		Release|Any CPU = Release|Any CPU
	EndGlobalSection
	GlobalSection(ProjectConfigurationPlatforms) = postSolution
		{529050A4-8FB3-4846-AF19-AE48C5D38F85}.Debug|Any CPU.ActiveCfg = Debug|Any CPU
		{529050A4-8FB3-4846-AF19-AE48C5D38F85}.Debug|Any CPU.Build.0 = Debug|Any CPU
		{529050A4-8FB3-4846-AF19-AE48C5D38F85}.Release|Any CPU.ActiveCfg = Release|Any CPU
		{529050A4-8FB3-4846-AF19-AE48C5D38F85}.Release|Any CPU.Build.0 = Release|Any CPU
	EndGlobalSection
	GlobalSection(SolutionProperties) = preSolution
		HideSolutionNode = FALSE
	EndGlobalSection
	GlobalSection(ExtensibilityGlobals) = postSolution
		SolutionGuid = {EC3A76E4-09C3-4832-87F0-62E9D945A2B3}
	EndGlobalSection
EndGlobal
